
Microsoft Visual Studio Solution File, Format Version 12.00
# Visual Studio 15
VisualStudioVersion = 15.0.28307.757
MinimumVisualStudioVersion = 10.0.40219.1
Project("{8BC9CEB8-8B4A-11D0-8D11-00A0C91BC942}") = "5-1", "5-1\5-1.vcxproj", "{3026213A-DD87-4B72-B95A-D86844D8B502}"
EndProject
Global
	GlobalSection(SolutionConfigurationPlatforms) = preSolution
		Debug|x64 = Debug|x64
		Debug|x86 = Debug|x86
		Release|x64 = Release|x64
		Release|x86 = Release|x86
	EndGlobalSection
	GlobalSection(ProjectConfigurationPlatforms) = postSolution
		{3026213A-DD87-4B72-B95A-D86844D8B502}.Debug|x64.ActiveCfg = Debug|x64
		{3026213A-DD87-4B72-B95A-D86844D8B502}.Debug|x64.Build.0 = Debug|x64
		{3026213A-DD87-4B72-B95A-D86844D8B502}.Debug|x86.ActiveCfg = Debug|Win32
		{3026213A-DD87-4B72-B95A-D86844D8B502}.Debug|x86.Build.0 = Debug|Win32
		{3026213A-DD87-4B72-B95A-D86844D8B502}.Release|x64.ActiveCfg = Release|x64
		{3026213A-DD87-4B72-B95A-D86844D8B502}.Release|x64.Build.0 = Release|x64
		{3026213A-DD87-4B72-B95A-D86844D8B502}.Release|x86.ActiveCfg = Release|Win32
		{3026213A-DD87-4B72-B95A-D86844D8B502}.Release|x86.Build.0 = Release|Win32
	EndGlobalSection
	GlobalSection(SolutionProperties) = preSolution
		HideSolutionNode = FALSE
	EndGlobalSection
	GlobalSection(ExtensibilityGlobals) = postSolution
		SolutionGuid = {BDEBA942-8C86-4871-8B1C-7A6EC777A198}
	EndGlobalSection
EndGlobal
